langcode: en
status: true
dependencies:
  content:
    - 'block_content:drag_and_drop_block:416181e2-4335-46f8-b73d-13a864a5dd5c'
  module:
    - block_class
    - block_content
    - system
  theme:
    - glazed
third_party_settings:
  block_class:
    classes: ''
id: contactblock
theme: glazed
region: content_top
weight: 0
provider: null
plugin: 'block_content:416181e2-4335-46f8-b73d-13a864a5dd5c'
settings:
  id: 'block_content:416181e2-4335-46f8-b73d-13a864a5dd5c'
  label: 'Contact Block'
  provider: block_content
  label_display: '0'
  status: true
  info: ''
  view_mode: full
visibility:
  request_path:
    id: request_path
    pages: /contact
    negate: false
    context_mapping: {  }
