langcode: en
status: true
dependencies:
  content:
    - 'block_content:drag_and_drop_block:76b9d0bd-8e0e-4b2c-8092-75cda4c3d535'
  module:
    - block_class
    - block_content
    - system
  theme:
    - glazed
third_party_settings:
  block_class:
    classes: ''
id: glazedblogspotlightblock
theme: glazed
region: highlighted
weight: 0
provider: null
plugin: 'block_content:76b9d0bd-8e0e-4b2c-8092-75cda4c3d535'
settings:
  id: 'block_content:76b9d0bd-8e0e-4b2c-8092-75cda4c3d535'
  label: 'Glazed Blog Spotlight Block'
  provider: block_content
  label_display: '0'
  status: true
  info: ''
  view_mode: full
visibility:
  request_path:
    id: request_path
    pages: '<front>'
    negate: false
    context_mapping: {  }
