langcode: en
status: true
dependencies:
  content:
    - 'block_content:drag_and_drop_block:b80f1988-084c-4b66-af56-96053a7289d2'
  module:
    - block_class
    - block_content
    - system
  theme:
    - glazed
third_party_settings:
  block_class:
    classes: ''
id: landscapingquoteformblock
theme: glazed
region: content_bottom
weight: 0
provider: null
plugin: 'block_content:b80f1988-084c-4b66-af56-96053a7289d2'
settings:
  id: 'block_content:b80f1988-084c-4b66-af56-96053a7289d2'
  label: 'Landscaping Quote Form Block'
  provider: block_content
  label_display: '0'
  status: true
  info: ''
  view_mode: full
visibility:
  request_path:
    id: request_path
    pages: '/services/*'
    negate: false
    context_mapping: {  }
