uuid: 19b95f42-03fe-48ff-94af-1f33ea82c1bb
langcode: en
status: true
dependencies: {  }
_core:
  default_config_hash: aFJykUDl40bK0HrlLReHpMD-4PbxxhTKUN1XyiA3TQ8
id: drag_and_drop_block
label: 'Drag and Drop Block'
revision: 0
description: 'Advanced page with visual page building tools. Powered by Glazed Builder.'
